// !$*UTF8*$!
{
	archiveVersion = 1;
	classes = {
	};
	objectVersion = 46;
	objects = {

/* Begin PBXBuildFile section */
		8EDC00011ACC226A001DF6D5 /* AppDelegate.m in Sources */ = {isa = PBXBuildFile; fileRef = 8EDC00001ACC226A001DF6D5 /* AppDelegate.m */; };
		8EDC00041ACC226A001DF6D5 /* ViewController.m in Sources */ = {isa = PBXBuildFile; fileRef = 8EDC00031ACC226A001DF6D5 /* ViewController.m */; };
		8EDC00071ACC226A001DF6D5 /* Main.storyboard in Resources */ = {isa = PBXBuildFile; fileRef = 8EDC00051ACC226A001DF6D5 /* Main.storyboard */; };
		8EDC00091ACC226A001DF6D5 /* Images.xcassets in Resources */ = {isa = PBXBuildFile; fileRef = 8EDC00081ACC226A001DF6D5 /* Images.xcassets */; };
		8EDC000C1ACC226A001DF6D5 /* LaunchScreen.xib in Resources */ = {isa = PBXBuildFile; fileRef = 8EDC000A1ACC226A001DF6D5 /* LaunchScreen.xib */; };
		8EDC00181ACC226A001DF6D5 /* BigProjectTests.m in Sources */ = {isa = PBXBuildFile; fileRef = 8EDC00171ACC226A001DF6D5 /* BigProjectTests.m */; };
		8EDCFFFE1ACC226A001DF6D5 /* main.m in Sources */ = {isa = PBXBuildFile; fileRef = 8EDCFFFD1ACC226A001DF6D5 /* main.m */; };
/* End PBXBuildFile section */

/* Begin PBXContainerItemProxy section */
		8EDC00121ACC226A001DF6D5 /* PBXContainerItemProxy */ = {
			isa = PBXContainerItemProxy;
			containerPortal = 8EDCFFF01ACC226A001DF6D5 /* Project object */;
			proxyType = 1;
			remoteGlobalIDString = 8EDCFFF71ACC226A001DF6D5;
			remoteInfo = BigProject;
		};
/* End PBXContainerItemProxy section */

/* Begin PBXFileReference section */
		8EDC00001ACC226A001DF6D5 /* AppDelegate.m */ = {isa = PBXFileReference; lastKnownFileType = sourcecode.c.objc; path = AppDelegate.m; sourceTree = "<group>"; };
		8EDC00021ACC226A001DF6D5 /* ViewController.h */ = {isa = PBXFileReference; lastKnownFileType = sourcecode.c.h; path = ViewController.h; sourceTree = "<group>"; };
		8EDC00031ACC226A001DF6D5 /* ViewController.m */ = {isa = PBXFileReference; lastKnownFileType = sourcecode.c.objc; path = ViewController.m; sourceTree = "<group>"; };
		8EDC00061ACC226A001DF6D5 /* Base */ = {isa = PBXFileReference; lastKnownFileType = file.storyboard; name = Base; path = Base.lproj/Main.storyboard; sourceTree = "<group>"; };
		8EDC00081ACC226A001DF6D5 /* Images.xcassets */ = {isa = PBXFileReference; lastKnownFileType = folder.assetcatalog; path = Images.xcassets; sourceTree = "<group>"; };
		8EDC000B1ACC226A001DF6D5 /* Base */ = {isa = PBXFileReference; lastKnownFileType = file.xib; name = Base; path = Base.lproj/LaunchScreen.xib; sourceTree = "<group>"; };
		8EDC00111ACC226A001DF6D5 /* BigProjectTests.xctest */ = {isa = PBXFileReference; explicitFileType = wrapper.cfbundle; includeInIndex = 0; path = BigProjectTests.xctest; sourceTree = BUILT_PRODUCTS_DIR; };
		8EDC00161ACC226A001DF6D5 /* Info.plist */ = {isa = PBXFileReference; lastKnownFileType = text.plist.xml; path = Info.plist; sourceTree = "<group>"; };
		8EDC00171ACC226A001DF6D5 /* BigProjectTests.m */ = {isa = PBXFileReference; lastKnownFileType = sourcecode.c.objc; path = BigProjectTests.m; sourceTree = "<group>"; };
		8EDC00211ACC299A001DF6D5 /* es */ = {isa = PBXFileReference; lastKnownFileType = text.plist.strings; name = es; path = es.lproj/Main.strings; sourceTree = "<group>"; };
		8EDC00221ACC299A001DF6D5 /* es */ = {isa = PBXFileReference; lastKnownFileType = text.plist.strings; name = es; path = es.lproj/LaunchScreen.strings; sourceTree = "<group>"; };
		8EDC00231ACC29B1001DF6D5 /* he */ = {isa = PBXFileReference; lastKnownFileType = text.plist.strings; name = he; path = he.lproj/Main.strings; sourceTree = "<group>"; };
		8EDC00241ACC29B1001DF6D5 /* he */ = {isa = PBXFileReference; lastKnownFileType = text.plist.strings; name = he; path = he.lproj/LaunchScreen.strings; sourceTree = "<group>"; };
		8EDCFFF81ACC226A001DF6D5 /* BigProject.app */ = {isa = PBXFileReference; explicitFileType = wrapper.application; includeInIndex = 0; path = BigProject.app; sourceTree = BUILT_PRODUCTS_DIR; };
		8EDCFFFC1ACC226A001DF6D5 /* Info.plist */ = {isa = PBXFileReference; lastKnownFileType = text.plist.xml; path = Info.plist; sourceTree = "<group>"; };
		8EDCFFFD1ACC226A001DF6D5 /* main.m */ = {isa = PBXFileReference; lastKnownFileType = sourcecode.c.objc; path = main.m; sourceTree = "<group>"; };
		8EDCFFFF1ACC226A001DF6D5 /* AppDelegate.h */ = {isa = PBXFileReference; lastKnownFileType = sourcecode.c.h; path = AppDelegate.h; sourceTree = "<group>"; };
/* End PBXFileReference section */

/* Begin PBXFrameworksBuildPhase section */
		8EDC000E1ACC226A001DF6D5 /* Frameworks */ = {
			isa = PBXFrameworksBuildPhase;
			buildActionMask = 2147483647;
			files = (
			);
			runOnlyForDeploymentPostprocessing = 0;
		};
		8EDCFFF51ACC226A001DF6D5 /* Frameworks */ = {
			isa = PBXFrameworksBuildPhase;
			buildActionMask = 2147483647;
			files = (
			);
			runOnlyForDeploymentPostprocessing = 0;
		};
/* End PBXFrameworksBuildPhase section */

/* Begin PBXGroup section */
		8EDC00141ACC226A001DF6D5 /* BigProjectTests */ = {
			isa = PBXGroup;
			children = (
				8EDC00171ACC226A001DF6D5 /* BigProjectTests.m */,
				8EDC00151ACC226A001DF6D5 /* Supporting Files */,
			);
			path = BigProjectTests;
			sourceTree = "<group>";
		};
		8EDC00151ACC226A001DF6D5 /* Supporting Files */ = {
			isa = PBXGroup;
			children = (
				8EDC00161ACC226A001DF6D5 /* Info.plist */,
			);
			name = "Supporting Files";
			sourceTree = "<group>";
		};
		8EDCFFEF1ACC226A001DF6D5 = {
			isa = PBXGroup;
			children = (
				8EDCFFFA1ACC226A001DF6D5 /* BigProject */,
				8EDC00141ACC226A001DF6D5 /* BigProjectTests */,
				8EDCFFF91ACC226A001DF6D5 /* Products */,
			);
			sourceTree = "<group>";
		};
		8EDCFFF91ACC226A001DF6D5 /* Products */ = {
			isa = PBXGroup;
			children = (
				8EDCFFF81ACC226A001DF6D5 /* BigProject.app */,
				8EDC00111ACC226A001DF6D5 /* BigProjectTests.xctest */,
			);
			name = Products;
			sourceTree = "<group>";
		};
		8EDCFFFA1ACC226A001DF6D5 /* BigProject */ = {
			isa = PBXGroup;
			children = (
				8EDCFFFF1ACC226A001DF6D5 /* AppDelegate.h */,
				8EDC00001ACC226A001DF6D5 /* AppDelegate.m */,
				8EDC00021ACC226A001DF6D5 /* ViewController.h */,
				8EDC00031ACC226A001DF6D5 /* ViewController.m */,
				8EDC00051ACC226A001DF6D5 /* Main.storyboard */,
				8EDC00081ACC226A001DF6D5 /* Images.xcassets */,
				8EDC000A1ACC226A001DF6D5 /* LaunchScreen.xib */,
				8EDCFFFB1ACC226A001DF6D5 /* Supporting Files */,
			);
			path = BigProject;
			sourceTree = "<group>";
		};
		8EDCFFFB1ACC226A001DF6D5 /* Supporting Files */ = {
			isa = PBXGroup;
			children = (
				8EDCFFFC1ACC226A001DF6D5 /* Info.plist */,
				8EDCFFFD1ACC226A001DF6D5 /* main.m */,
			);
			name = "Supporting Files";
			sourceTree = "<group>";
		};
/* End PBXGroup section */

/* Begin PBXNativeTarget section */
		8EDC00101ACC226A001DF6D5 /* BigProjectTests */ = {
			isa = PBXNativeTarget;
			buildConfigurationList = 8EDC001E1ACC226A001DF6D5 /* Build configuration list for PBXNativeTarget "BigProjectTests" */;
			buildPhases = (
				8EDC000D1ACC226A001DF6D5 /* Sources */,
				8EDC000E1ACC226A001DF6D5 /* Frameworks */,
				8EDC000F1ACC226A001DF6D5 /* Resources */,
			);
			buildRules = (
			);
			dependencies = (
				8EDC00131ACC226A001DF6D5 /* PBXTargetDependency */,
			);
			name = BigProjectTests;
			productName = BigProjectTests;
			productReference = 8EDC00111ACC226A001DF6D5 /* BigProjectTests.xctest */;
			productType = "com.apple.product-type.bundle.unit-test";
		};
		8EDCFFF71ACC226A001DF6D5 /* BigProject */ = {
			isa = PBXNativeTarget;
			buildConfigurationList = 8EDC001B1ACC226A001DF6D5 /* Build configuration list for PBXNativeTarget "BigProject" */;
			buildPhases = (
				8EDCFFF41ACC226A001DF6D5 /* Sources */,
				8EDCFFF51ACC226A001DF6D5 /* Frameworks */,
				8EDCFFF61ACC226A001DF6D5 /* Resources */,
			);
			buildRules = (
			);
			dependencies = (
			);
			name = BigProject;
			productName = BigProject;
			productReference = 8EDCFFF81ACC226A001DF6D5 /* BigProject.app */;
			productType = "com.apple.product-type.application";
		};
/* End PBXNativeTarget section */

/* Begin PBXProject section */
		8EDCFFF01ACC226A001DF6D5 /* Project object */ = {
			isa = PBXProject;
			attributes = {
				LastUpgradeCheck = 0620;
				ORGANIZATIONNAME = "Gary Morris";
				TargetAttributes = {
					8EDC00101ACC226A001DF6D5 = {
						CreatedOnToolsVersion = 6.2;
						TestTargetID = 8EDCFFF71ACC226A001DF6D5;
					};
					8EDCFFF71ACC226A001DF6D5 = {
						CreatedOnToolsVersion = 6.2;
					};
				};
			};
			buildConfigurationList = 8EDCFFF31ACC226A001DF6D5 /* Build configuration list for PBXProject "BigProject" */;
			compatibilityVersion = "Xcode 3.2";
			developmentRegion = English;
			hasScannedForEncodings = 0;
			knownRegions = (
				en,
				Base,
			);
			mainGroup = 8EDCFFEF1ACC226A001DF6D5;
			productRefGroup = 8EDCFFF91ACC226A001DF6D5 /* Products */;
			projectDirPath = "";
			projectRoot = "";
			targets = (
				8EDCFFF71ACC226A001DF6D5 /* BigProject */,
				8EDC00101ACC226A001DF6D5 /* BigProjectTests */,
			);
		};
/* End PBXProject section */

/* Begin PBXResourcesBuildPhase section */
		8EDC000F1ACC226A001DF6D5 /* Resources */ = {
			isa = PBXResourcesBuildPhase;
			buildActionMask = 2147483647;
			files = (
			);
			runOnlyForDeploymentPostprocessing = 0;
		};
		8EDCFFF61ACC226A001DF6D5 /* Resources */ = {
			isa = PBXResourcesBuildPhase;
			buildActionMask = 2147483647;
			files = (
				8EDC00071ACC226A001DF6D5 /* Main.storyboard in Resources */,
				8EDC000C1ACC226A001DF6D5 /* LaunchScreen.xib in Resources */,
				8EDC00091ACC226A001DF6D5 /* Images.xcassets in Resources */,
			);
			runOnlyForDeploymentPostprocessing = 0;
		};
/* End PBXResourcesBuildPhase section */

/* Begin PBXSourcesBuildPhase section */
		8EDC000D1ACC226A001DF6D5 /* Sources */ = {
			isa = PBXSourcesBuildPhase;
			buildActionMask = 2147483647;
			files = (
				8EDC00181ACC226A001DF6D5 /* BigProjectTests.m in Sources */,
			);
			runOnlyForDeploymentPostprocessing = 0;
		};
		8EDCFFF41ACC226A001DF6D5 /* Sources */ = {
			isa = PBXSourcesBuildPhase;
			buildActionMask = 2147483647;
			files = (
				8EDC00041ACC226A001DF6D5 /* ViewController.m in Sources */,
				8EDC00011ACC226A001DF6D5 /* AppDelegate.m in Sources */,
				8EDCFFFE1ACC226A001DF6D5 /* main.m in Sources */,
			);
			runOnlyForDeploymentPostprocessing = 0;
		};
/* End PBXSourcesBuildPhase section */

/* Begin PBXTargetDependency section */
		8EDC00131ACC226A001DF6D5 /* PBXTargetDependency */ = {
			isa = PBXTargetDependency;
			target = 8EDCFFF71ACC226A001DF6D5 /* BigProject */;
			targetProxy = 8EDC00121ACC226A001DF6D5 /* PBXContainerItemProxy */;
		};
/* End PBXTargetDependency section */

/* Begin PBXVariantGroup section */
		8EDC00051ACC226A001DF6D5 /* Main.storyboard */ = {
			isa = PBXVariantGroup;
			children = (
				8EDC00061ACC226A001DF6D5 /* Base */,
				8EDC00211ACC299A001DF6D5 /* es */,
				8EDC00231ACC29B1001DF6D5 /* he */,
			);
			name = Main.storyboard;
			sourceTree = "<group>";
		};
		8EDC000A1ACC226A001DF6D5 /* LaunchScreen.xib */ = {
			isa = PBXVariantGroup;
			children = (
				8EDC000B1ACC226A001DF6D5 /* Base */,
				8EDC00221ACC299A001DF6D5 /* es */,
				8EDC00241ACC29B1001DF6D5 /* he */,
			);
			name = LaunchScreen.xib;
			sourceTree = "<group>";
		};
/* End PBXVariantGroup section */

/* Begin XCBuildConfiguration section */
		8EDC00191ACC226A001DF6D5 /* Debug */ = {
			isa = XCBuildConfiguration;
			buildSettings = {
				ALWAYS_SEARCH_USER_PATHS = NO;
				CLANG_CXX_LANGUAGE_STANDARD = "gnu++0x";
				CLANG_CXX_LIBRARY = "libc++";
				CLANG_ENABLE_MODULES = YES;
				CLANG_ENABLE_OBJC_ARC = YES;
				CLANG_WARN_BOOL_CONVERSION = YES;
				CLANG_WARN_CONSTANT_CONVERSION = YES;
				CLANG_WARN_DIRECT_OBJC_ISA_USAGE = YES_ERROR;
				CLANG_WARN_EMPTY_BODY = YES;
				CLANG_WARN_ENUM_CONVERSION = YES;
				CLANG_WARN_INT_CONVERSION = YES;
				CLANG_WARN_OBJC_ROOT_CLASS = YES_ERROR;
				CLANG_WARN_UNREACHABLE_CODE = YES;
				CLANG_WARN__DUPLICATE_METHOD_MATCH = YES;
				"CODE_SIGN_IDENTITY[sdk=iphoneos*]" = "iPhone Developer";
				COPY_PHASE_STRIP = NO;
				ENABLE_STRICT_OBJC_MSGSEND = YES;
				GCC_C_LANGUAGE_STANDARD = gnu99;
				GCC_DYNAMIC_NO_PIC = NO;
				GCC_OPTIMIZATION_LEVEL = 0;
				GCC_PREPROCESSOR_DEFINITIONS = (
					"DEBUG=1",
					"$(inherited)",
				);
				GCC_SYMBOLS_PRIVATE_EXTERN = NO;
				GCC_WARN_64_TO_32_BIT_CONVERSION = YES;
				GCC_WARN_ABOUT_RETURN_TYPE = YES_ERROR;
				GCC_WARN_UNDECLARED_SELECTOR = YES;
				GCC_WARN_UNINITIALIZED_AUTOS = YES_AGGRESSIVE;
				GCC_WARN_UNUSED_FUNCTION = YES;
				GCC_WARN_UNUSED_VARIABLE = YES;
				IPHONEOS_DEPLOYMENT_TARGET = 8.2;
				MTL_ENABLE_DEBUG_INFO = YES;
				ONLY_ACTIVE_ARCH = YES;
				SDKROOT = iphoneos;
			};
			name = Debug;
		};
		8EDC001A1ACC226A001DF6D5 /* Release */ = {
			isa = XCBuildConfiguration;
			buildSettings = {
				ALWAYS_SEARCH_USER_PATHS = NO;
				CLANG_CXX_LANGUAGE_STANDARD = "gnu++0x";
				CLANG_CXX_LIBRARY = "libc++";
				CLANG_ENABLE_MODULES = YES;
				CLANG_ENABLE_OBJC_ARC = YES;
				CLANG_WARN_BOOL_CONVERSION = YES;
				CLANG_WARN_CONSTANT_CONVERSION = YES;
				CLANG_WARN_DIRECT_OBJC_ISA_USAGE = YES_ERROR;
				CLANG_WARN_EMPTY_BODY = YES;
				CLANG_WARN_ENUM_CONVERSION = YES;
				CLANG_WARN_INT_CONVERSION = YES;
				CLANG_WARN_OBJC_ROOT_CLASS = YES_ERROR;
				CLANG_WARN_UNREACHABLE_CODE = YES;
				CLANG_WARN__DUPLICATE_METHOD_MATCH = YES;
				"CODE_SIGN_IDENTITY[sdk=iphoneos*]" = "iPhone Developer";
				COPY_PHASE_STRIP = NO;
				ENABLE_NS_ASSERTIONS = NO;
				ENABLE_STRICT_OBJC_MSGSEND = YES;
				GCC_C_LANGUAGE_STANDARD = gnu99;
				GCC_WARN_64_TO_32_BIT_CONVERSION = YES;
				GCC_WARN_ABOUT_RETURN_TYPE = YES_ERROR;
				GCC_WARN_UNDECLARED_SELECTOR = YES;
				GCC_WARN_UNINITIALIZED_AUTOS = YES_AGGRESSIVE;
				GCC_WARN_UNUSED_FUNCTION = YES;
				GCC_WARN_UNUSED_VARIABLE = YES;
				IPHONEOS_DEPLOYMENT_TARGET = 8.2;
				MTL_ENABLE_DEBUG_INFO = NO;
				SDKROOT = iphoneos;
				VALIDATE_PRODUCT = YES;
			};
			name = Release;
		};
		8EDC001C1ACC226A001DF6D5 /* Debug */ = {
			isa = XCBuildConfiguration;
			buildSettings = {
				ASSETCATALOG_COMPILER_APPICON_NAME = AppIcon;
				INFOPLIST_FILE = BigProject/Info.plist;
				LD_RUNPATH_SEARCH_PATHS = "$(inherited) @executable_path/Frameworks";
				PRODUCT_NAME = "$(TARGET_NAME)";
			};
			name = Debug;
		};
		8EDC001D1ACC226A001DF6D5 /* Release */ = {
			isa = XCBuildConfiguration;
			buildSettings = {
				ASSETCATALOG_COMPILER_APPICON_NAME = AppIcon;
				INFOPLIST_FILE = BigProject/Info.plist;
				LD_RUNPATH_SEARCH_PATHS = "$(inherited) @executable_path/Frameworks";
				PRODUCT_NAME = "$(TARGET_NAME)";
			};
			name = Release;
		};
		8EDC001F1ACC226A001DF6D5 /* Debug */ = {
			isa = XCBuildConfiguration;
			buildSettings = {
				BUNDLE_LOADER = "$(TEST_HOST)";
				FRAMEWORK_SEARCH_PATHS = (
					"$(SDKROOT)/Developer/Library/Frameworks",
					"$(inherited)",
				);
				GCC_PREPROCESSOR_DEFINITIONS = (
					"DEBUG=1",
					"$(inherited)",
				);
				INFOPLIST_FILE = BigProjectTests/Info.plist;
				LD_RUNPATH_SEARCH_PATHS = "$(inherited) @executable_path/Frameworks @loader_path/Frameworks";
				PRODUCT_NAME = "$(TARGET_NAME)";
				TEST_HOST = "$(BUILT_PRODUCTS_DIR)/BigProject.app/BigProject";
			};
			name = Debug;
		};
		8EDC00201ACC226A001DF6D5 /* Release */ = {
			isa = XCBuildConfiguration;
			buildSettings = {
				BUNDLE_LOADER = "$(TEST_HOST)";
				FRAMEWORK_SEARCH_PATHS = (
					"$(SDKROOT)/Developer/Library/Frameworks",
					"$(inherited)",
				);
				INFOPLIST_FILE = BigProjectTests/Info.plist;
				LD_RUNPATH_SEARCH_PATHS = "$(inherited) @executable_path/Frameworks @loader_path/Frameworks";
				PRODUCT_NAME = "$(TARGET_NAME)";
				TEST_HOST = "$(BUILT_PRODUCTS_DIR)/BigProject.app/BigProject";
			};
			name = Release;
		};
/* End XCBuildConfiguration section */

/* Begin XCConfigurationList section */
		8EDC001B1ACC226A001DF6D5 /* Build configuration list for PBXNativeTarget "BigProject" */ = {
			isa = XCConfigurationList;
			buildConfigurations = (
				8EDC001C1ACC226A001DF6D5 /* Debug */,
				8EDC001D1ACC226A001DF6D5 /* Release */,
			);
			defaultConfigurationIsVisible = 0;
		};
		8EDC001E1ACC226A001DF6D5 /* Build configuration list for PBXNativeTarget "BigProjectTests" */ = {
			isa = XCConfigurationList;
			buildConfigurations = (
				8EDC001F1ACC226A001DF6D5 /* Debug */,
				8EDC00201ACC226A001DF6D5 /* Release */,
			);
			defaultConfigurationIsVisible = 0;
		};
		8EDCFFF31ACC226A001DF6D5 /* Build configuration list for PBXProject "BigProject" */ = {
			isa = XCConfigurationList;
			buildConfigurations = (
				8EDC00191ACC226A001DF6D5 /* Debug */,
				8EDC001A1ACC226A001DF6D5 /* Release */,
			);
			defaultConfigurationIsVisible = 0;
			defaultConfigurationName = Release;
		};
/* End XCConfigurationList section */
	};
	rootObject = 8EDCFFF01ACC226A001DF6D5 /* Project object */;
}
